# Arcus 3 production host environment, resolved on Windows Python 3.14.6.
# Torch here is host-side checkpoint recovery only; Docker training image stays pinned.
# Regenerate after testing any dependency change.
annotated-doc==0.0.5
anyio==4.15.1
certifi==2026.7.22
charset-normalizer==3.5.2
click==8.5.0
colorama==0.4.6
filelock==4.0.10
fsspec==2026.9.0
h11==0.16.0
hf-xet==1.6.0
httpcore==1.0.9
httpx==0.28.1
huggingface_hub==1.33.0
idna==3.20
iniconfig==2.3.0
Jinja2==3.1.6
markdown-it-py==4.2.0
MarkupSafe==3.0.4
mdurl==0.1.2
mpmath==1.3.0
networkx==3.7
numpy==2.5.3
packaging==26.3
pluggy==1.6.0
pyarrow==25.0.1
Pygments==2.21.0
pytest==9.1.1
python-dotenv==1.2.4
PyYAML==6.0.3
regex==2026.9.29
requests==2.34.2
rich==15.0.0
safetensors==0.8.0
setuptools==84.0.0
shellingham==1.5.4
sympy==1.14.0
tiktoken==0.14.0
tokenizers==0.23.2
torch==2.14.1
tqdm==4.70.1
transformers==5.18.0
typer==0.27.2
typing_extensions==4.16.0
urllib3==2.8.0
zstandard==0.25.0
